
Microsoft Visual Studio Solution File, Format Version 12.00
# Visual Studio Version 17
VisualStudioVersion = 17.11.35312.102
MinimumVisualStudioVersion = 10.0.40219.1
Project("{FAE04EC0-301F-11D3-BF4B-00C04F79EFBC}") = "PodcastProjekt", "PodcastProjekt\PodcastProjekt.csproj", "{8B2CB4B1-6341-43AF-A12E-8E249600CF01}"
EndProject
Project("{FAE04EC0-301F-11D3-BF4B-00C04F79EFBC}") = "BusinessLayer", "BusinessLayer\BusinessLayer.csproj", "{20E119F7-9AEB-45C0-932C-C4BBD0D95FAE}"
EndProject
Global
	GlobalSection(SolutionConfigurationPlatforms) = preSolution
		Debug|Any CPU = Debug|Any CPU
		Release|Any CPU = Release|Any CPU
	EndGlobalSection
	GlobalSection(ProjectConfigurationPlatforms) = postSolution
		{8B2CB4B1-6341-43AF-A12E-8E249600CF01}.Debug|Any CPU.ActiveCfg = Debug|Any CPU
		{8B2CB4B1-6341-43AF-A12E-8E249600CF01}.Debug|Any CPU.Build.0 = Debug|Any CPU
		{8B2CB4B1-6341-43AF-A12E-8E249600CF01}.Release|Any CPU.ActiveCfg = Release|Any CPU
		{8B2CB4B1-6341-43AF-A12E-8E249600CF01}.Release|Any CPU.Build.0 = Release|Any CPU
		{20E119F7-9AEB-45C0-932C-C4BBD0D95FAE}.Debug|Any CPU.ActiveCfg = Debug|Any CPU
		{20E119F7-9AEB-45C0-932C-C4BBD0D95FAE}.Debug|Any CPU.Build.0 = Debug|Any CPU
		{20E119F7-9AEB-45C0-932C-C4BBD0D95FAE}.Release|Any CPU.ActiveCfg = Release|Any CPU
		{20E119F7-9AEB-45C0-932C-C4BBD0D95FAE}.Release|Any CPU.Build.0 = Release|Any CPU
	EndGlobalSection
	GlobalSection(SolutionProperties) = preSolution
		HideSolutionNode = FALSE
	EndGlobalSection
	GlobalSection(ExtensibilityGlobals) = postSolution
		SolutionGuid = {132D11EA-2721-42F2-A44C-5C183C862466}
	EndGlobalSection
EndGlobal
